
Microsoft Visual Studio Solution File, Format Version 12.00
# Visual Studio 15
VisualStudioVersion = 15.0.27703.2035
MinimumVisualStudioVersion = 10.0.40219.1
Project("{FAE04EC0-301F-11D3-BF4B-00C04F79EFBC}") = "CustomNATServerEx", "CustomNATServerEx\CustomNATServerEx.csproj", "{469B138A-D280-45C1-8382-AFA864862290}"
EndProject
Project("{FAE04EC0-301F-11D3-BF4B-00C04F79EFBC}") = "CustomNATClientB", "CustomNATClientB\CustomNATClientB.csproj", "{5BF893F2-848E-4BB1-914F-79FCF6292262}"
EndProject
Project("{FAE04EC0-301F-11D3-BF4B-00C04F79EFBC}") = "CustomNATClientA", "CustomNATClientA\CustomNATClientA.csproj", "{3FF035B6-10C8-41DA-A924-4E1ECD98217D}"
EndProject
Global
	GlobalSection(SolutionConfigurationPlatforms) = preSolution
		Debug|Any CPU = Debug|Any CPU
		Release|Any CPU = Release|Any CPU
	EndGlobalSection
	GlobalSection(ProjectConfigurationPlatforms) = postSolution
		{469B138A-D280-45C1-8382-AFA864862290}.Debug|Any CPU.ActiveCfg = Debug|Any CPU
		{469B138A-D280-45C1-8382-AFA864862290}.Debug|Any CPU.Build.0 = Debug|Any CPU
		{469B138A-D280-45C1-8382-AFA864862290}.Release|Any CPU.ActiveCfg = Release|Any CPU
		{469B138A-D280-45C1-8382-AFA864862290}.Release|Any CPU.Build.0 = Release|Any CPU
		{5BF893F2-848E-4BB1-914F-79FCF6292262}.Debug|Any CPU.ActiveCfg = Debug|Any CPU
		{5BF893F2-848E-4BB1-914F-79FCF6292262}.Debug|Any CPU.Build.0 = Debug|Any CPU
		{5BF893F2-848E-4BB1-914F-79FCF6292262}.Release|Any CPU.ActiveCfg = Release|Any CPU
		{5BF893F2-848E-4BB1-914F-79FCF6292262}.Release|Any CPU.Build.0 = Release|Any CPU
		{3FF035B6-10C8-41DA-A924-4E1ECD98217D}.Debug|Any CPU.ActiveCfg = Debug|Any CPU
		{3FF035B6-10C8-41DA-A924-4E1ECD98217D}.Debug|Any CPU.Build.0 = Debug|Any CPU
		{3FF035B6-10C8-41DA-A924-4E1ECD98217D}.Release|Any CPU.ActiveCfg = Release|Any CPU
		{3FF035B6-10C8-41DA-A924-4E1ECD98217D}.Release|Any CPU.Build.0 = Release|Any CPU
	EndGlobalSection
	GlobalSection(SolutionProperties) = preSolution
		HideSolutionNode = FALSE
	EndGlobalSection
	GlobalSection(ExtensibilityGlobals) = postSolution
		SolutionGuid = {7EFE74C8-6901-4EF4-B793-EFA7CB4749F0}
	EndGlobalSection
EndGlobal
